{
  "name": "puzzle",
  "version": "1.0.0",
  "lockfileVersion": 1,
  "requires": true,
  "dependencies": {
    "@types/node": {
      "version": "10.12.18",
      "resolved": "https://registry.npmjs.org/@types/node/-/node-10.12.18.tgz",
      "integrity": "sha1-HTynZHGJFVhPzZ9jRGIbdnJmXGc="
    },
    "base-x": {
      "version": "3.0.7",
      "resolved": "https://registry.npmjs.org/base-x/-/base-x-3.0.7.tgz",
      "integrity": "sha1-HFp/r+j2a0EUBj6NoQJ5nU58QI8=",
      "requires": {
        "safe-buffer": "^5.0.1"
      }
    },
    "base58": {
      "version": "2.0.1",
      "resolved": "https://registry.npmjs.org/base58/-/base58-2.0.1.tgz",
      "integrity": "sha512-qK6gt2fMSxN2xGOi+btI5oAnXL+vEq0AsHWHhf5jfm2hE6MwmW+2414qF96utV3Xfg3En8hEA9Q4lif4lbXcgw=="
    },
    "bech32": {
      "version": "1.1.3",
      "resolved": "https://registry.npmjs.org/bech32/-/bech32-1.1.3.tgz",
      "integrity": "sha1-vUeomGu7Puw0pWoJeoS40+mi380="
    },
    "big-integer": {
      "version": "1.6.48",
      "resolved": "https://registry.npmjs.org/big-integer/-/big-integer-1.6.48.tgz",
      "integrity": "sha1-j9iL0WMsukocjD49cVnwi7lbS54="
    },
    "big-number": {
      "version": "2.0.0",
      "resolved": "https://registry.npmjs.org/big-number/-/big-number-2.0.0.tgz",
      "integrity": "sha512-C67Su0g+XsmXADX/UM9L/+xSbqqwq0D/qGJs2ky6Noy2FDuCZnC38ZSXODiaBvqWma2VYRZEXgm4H74PS6tCDg=="
    },
    "bindings": {
      "version": "1.5.0",
      "resolved": "https://registry.npmjs.org/bindings/-/bindings-1.5.0.tgz",
      "integrity": "sha1-EDU8npRTNLwFEabZCzj7x8nFBN8=",
      "requires": {
        "file-uri-to-path": "1.0.0"
      }
    },
    "bip174": {
      "version": "1.0.1",
      "resolved": "https://registry.npmjs.org/bip174/-/bip174-1.0.1.tgz",
      "integrity": "sha1-hYpYf5Up4i7psFcv2ITleDaWgk0="
    },
    "bip32": {
      "version": "2.0.5",
      "resolved": "https://registry.npmjs.org/bip32/-/bip32-2.0.5.tgz",
      "integrity": "sha1-44CKnpeogNuv0PXwnKSh4U7iddI=",
      "requires": {
        "@types/node": "10.12.18",
        "bs58check": "^2.1.1",
        "create-hash": "^1.2.0",
        "create-hmac": "^1.1.7",
        "tiny-secp256k1": "^1.1.3",
        "typeforce": "^1.11.5",
        "wif": "^2.0.6"
      }
    },
    "bip44-constants": {
      "version": "8.0.5",
      "resolved": "https://registry.npmjs.org/bip44-constants/-/bip44-constants-8.0.5.tgz",
      "integrity": "sha1-BoSzoCbBnpGfFDnW5fxJ+BdtQGY="
    },
    "bip66": {
      "version": "1.1.5",
      "resolved": "https://registry.npmjs.org/bip66/-/bip66-1.1.5.tgz",
      "integrity": "sha1-AfqHSHhcpwlV1QESF9GzE5lpyiI=",
      "requires": {
        "safe-buffer": "^5.0.1"
      }
    },
    "bitcoin-ops": {
      "version": "1.4.1",
      "resolved": "https://registry.npmjs.org/bitcoin-ops/-/bitcoin-ops-1.4.1.tgz",
      "integrity": "sha1-5F3mIDmOIv1MpgI95Dl0/0IkAng="
    },
    "bitcoinjs-lib": {
      "version": "5.1.7",
      "resolved": "https://registry.npmjs.org/bitcoinjs-lib/-/bitcoinjs-lib-5.1.7.tgz",
      "integrity": "sha1-36Aj1q2Ifq74JJUT1wjJ7NJnOgg=",
      "requires": {
        "bech32": "^1.1.2",
        "bip174": "^1.0.1",
        "bip32": "^2.0.4",
        "bip66": "^1.1.0",
        "bitcoin-ops": "^1.4.0",
        "bs58check": "^2.0.0",
        "create-hash": "^1.1.0",
        "create-hmac": "^1.1.3",
        "merkle-lib": "^2.0.10",
        "pushdata-bitcoin": "^1.0.1",
        "randombytes": "^2.0.1",
        "tiny-secp256k1": "^1.1.1",
        "typeforce": "^1.11.3",
        "varuint-bitcoin": "^1.0.4",
        "wif": "^2.0.1"
      }
    },
    "bn.js": {
      "version": "4.11.8",
      "resolved": "https://registry.npmjs.org/bn.js/-/bn.js-4.11.8.tgz",
      "integrity": "sha1-LN4J617jQfSEdGuwMJsyU7GxRC8="
    },
    "brorand": {
      "version": "1.1.0",
      "resolved": "https://registry.npmjs.org/brorand/-/brorand-1.1.0.tgz",
      "integrity": "sha1-EsJe/kCkXjwyPrhnWgoM5XsiNx8="
    },
    "bs58": {
      "version": "4.0.1",
      "resolved": "https://registry.npmjs.org/bs58/-/bs58-4.0.1.tgz",
      "integrity": "sha1-vhYedsNU9veIrkBx9j806MTwpCo=",
      "requires": {
        "base-x": "^3.0.2"
      }
    },
    "bs58check": {
      "version": "2.1.2",
      "resolved": "https://registry.npmjs.org/bs58check/-/bs58check-2.1.2.tgz",
      "integrity": "sha1-U7AYKRIo2CpaoI59eW/a/aVK6/w=",
      "requires": {
        "bs58": "^4.0.0",
        "create-hash": "^1.1.0",
        "safe-buffer": "^5.1.2"
      }
    },
    "cipher-base": {
      "version": "1.0.4",
      "resolved": "https://registry.npmjs.org/cipher-base/-/cipher-base-1.0.4.tgz",
      "integrity": "sha1-h2Dk7MJy9MNjUy+SbYdKriwTl94=",
      "requires": {
        "inherits": "^2.0.1",
        "safe-buffer": "^5.0.1"
      }
    },
    "create-hash": {
      "version": "1.2.0",
      "resolved": "https://registry.npmjs.org/create-hash/-/create-hash-1.2.0.tgz",
      "integrity": "sha1-iJB4rxGmN1a8+1m9IhmWvjqe8ZY=",
      "requires": {
        "cipher-base": "^1.0.1",
        "inherits": "^2.0.1",
        "md5.js": "^1.3.4",
        "ripemd160": "^2.0.1",
        "sha.js": "^2.4.0"
      }
    },
    "create-hmac": {
      "version": "1.1.7",
      "resolved": "https://registry.npmjs.org/create-hmac/-/create-hmac-1.1.7.tgz",
      "integrity": "sha1-aRcMeLOrlXFHsriwRXLkfq0iQ/8=",
      "requires": {
        "cipher-base": "^1.0.3",
        "create-hash": "^1.1.0",
        "inherits": "^2.0.1",
        "ripemd160": "^2.0.0",
        "safe-buffer": "^5.0.1",
        "sha.js": "^2.4.8"
      }
    },
    "crypto": {
      "version": "1.0.1",
      "resolved": "https://registry.npmjs.org/crypto/-/crypto-1.0.1.tgz",
      "integrity": "sha1-KvG3ytgXXSTIobB3glV5SiGAMDc="
    },
    "elliptic": {
      "version": "6.5.2",
      "resolved": "https://registry.npmjs.org/elliptic/-/elliptic-6.5.2.tgz",
      "integrity": "sha1-BcVnjXFzwEnYykM1UiJKSV0ON2I=",
      "requires": {
        "bn.js": "^4.4.0",
        "brorand": "^1.0.1",
        "hash.js": "^1.0.0",
        "hmac-drbg": "^1.0.0",
        "inherits": "^2.0.1",
        "minimalistic-assert": "^1.0.0",
        "minimalistic-crypto-utils": "^1.0.0"
      }
    },
    "file-uri-to-path": {
      "version": "1.0.0",
      "resolved": "https://registry.npmjs.org/file-uri-to-path/-/file-uri-to-path-1.0.0.tgz",
      "integrity": "sha1-VTp7hEb/b2hDWcRF8eN6BdrMM90="
    },
    "generatorics": {
      "version": "1.1.0",
      "resolved": "https://registry.npmjs.org/generatorics/-/generatorics-1.1.0.tgz",
      "integrity": "sha1-aVBgu42IuQmzAXGlyz1CR2hmETg="
    },
    "hash-base": {
      "version": "3.0.4",
      "resolved": "https://registry.npmjs.org/hash-base/-/hash-base-3.0.4.tgz",
      "integrity": "sha1-X8hoaEfs1zSZQDMZprCj8/auSRg=",
      "requires": {
        "inherits": "^2.0.1",
        "safe-buffer": "^5.0.1"
      }
    },
    "hash.js": {
      "version": "1.1.7",
      "resolved": "https://registry.npmjs.org/hash.js/-/hash.js-1.1.7.tgz",
      "integrity": "sha1-C6vKU46NTuSg+JiNaIZlN6ADz0I=",
      "requires": {
        "inherits": "^2.0.3",
        "minimalistic-assert": "^1.0.1"
      },
      "dependencies": {
        "inherits": {
          "version": "2.0.4",
          "resolved": "https://registry.npmjs.org/inherits/-/inherits-2.0.4.tgz",
          "integrity": "sha512-k/vGaX4/Yla3WzyMCvTQOXYeIHvqOKtnqBduzTHpzpQZzAskKMhZ2K+EnBiSM9zGSoIFeMpXKxa4dYeZIQqewQ=="
        }
      }
    },
    "hmac-drbg": {
      "version": "1.0.1",
      "resolved": "https://registry.npmjs.org/hmac-drbg/-/hmac-drbg-1.0.1.tgz",
      "integrity": "sha1-0nRXAQJabHdabFRXk+1QL8DGSaE=",
      "requires": {
        "hash.js": "^1.0.3",
        "minimalistic-assert": "^1.0.0",
        "minimalistic-crypto-utils": "^1.0.1"
      }
    },
    "inherits": {
      "version": "2.0.1",
      "resolved": "https://registry.npmjs.org/inherits/-/inherits-2.0.1.tgz",
      "integrity": "sha1-sX0I0ya0Qj5Wjv9xn5GwscvfafE="
    },
    "line-reader": {
      "version": "0.4.0",
      "resolved": "https://registry.npmjs.org/line-reader/-/line-reader-0.4.0.tgz",
      "integrity": "sha1-F+RIGNoKwzVnW6MAlU+U72cOZv0="
    },
    "md5.js": {
      "version": "1.3.5",
      "resolved": "https://registry.npmjs.org/md5.js/-/md5.js-1.3.5.tgz",
      "integrity": "sha1-tdB7jjIW4+J81yjXL3DR5qNCAF8=",
      "requires": {
        "hash-base": "^3.0.0",
        "inherits": "^2.0.1",
        "safe-buffer": "^5.1.2"
      }
    },
    "merkle-lib": {
      "version": "2.0.10",
      "resolved": "https://registry.npmjs.org/merkle-lib/-/merkle-lib-2.0.10.tgz",
      "integrity": "sha1-grjbrnXieneFOItz+ddyXQ9vMyY="
    },
    "minimalistic-assert": {
      "version": "1.0.1",
      "resolved": "https://registry.npmjs.org/minimalistic-assert/-/minimalistic-assert-1.0.1.tgz",
      "integrity": "sha1-LhlN4ERibUoQ5/f7wAznPoPk1cc="
    },
    "minimalistic-crypto-utils": {
      "version": "1.0.1",
      "resolved": "https://registry.npmjs.org/minimalistic-crypto-utils/-/minimalistic-crypto-utils-1.0.1.tgz",
      "integrity": "sha1-9sAMHAsIIkblxNmd+4x8CDsrWCo="
    },
    "nan": {
      "version": "2.14.0",
      "resolved": "https://registry.npmjs.org/nan/-/nan-2.14.0.tgz",
      "integrity": "sha1-eBj3IgJ7JFmobwKV1DTR/CM2xSw="
    },
    "pushdata-bitcoin": {
      "version": "1.0.1",
      "resolved": "https://registry.npmjs.org/pushdata-bitcoin/-/pushdata-bitcoin-1.0.1.tgz",
      "integrity": "sha1-FZMdPNlnreUiBvUjqnMxrvfUOvc=",
      "requires": {
        "bitcoin-ops": "^1.3.0"
      }
    },
    "randombytes": {
      "version": "2.1.0",
      "resolved": "https://registry.npmjs.org/randombytes/-/randombytes-2.1.0.tgz",
      "integrity": "sha1-32+ENy8CcNxlzfYpE0mrekc9Tyo=",
      "requires": {
        "safe-buffer": "^5.1.0"
      }
    },
    "ripemd160": {
      "version": "2.0.2",
      "resolved": "https://registry.npmjs.org/ripemd160/-/ripemd160-2.0.2.tgz",
      "integrity": "sha1-ocGm9iR1FXe6XQeRTLyShQWFiQw=",
      "requires": {
        "hash-base": "^3.0.0",
        "inherits": "^2.0.1"
      }
    },
    "safe-buffer": {
      "version": "5.2.0",
      "resolved": "https://registry.npmjs.org/safe-buffer/-/safe-buffer-5.2.0.tgz",
      "integrity": "sha1-t02uxJsRSPiMZLaNSbHoFcHy9Rk="
    },
    "sha.js": {
      "version": "2.4.11",
      "resolved": "https://registry.npmjs.org/sha.js/-/sha.js-2.4.11.tgz",
      "integrity": "sha1-N6XPC4HsvGlD3hCbopYNGyZYSuc=",
      "requires": {
        "inherits": "^2.0.1",
        "safe-buffer": "^5.0.1"
      }
    },
    "tiny-secp256k1": {
      "version": "1.1.3",
      "resolved": "https://registry.npmjs.org/tiny-secp256k1/-/tiny-secp256k1-1.1.3.tgz",
      "integrity": "sha1-6TseG/Yum9GtOrJK8n/2Enzg4Hc=",
      "requires": {
        "bindings": "^1.3.0",
        "bn.js": "^4.11.8",
        "create-hmac": "^1.1.7",
        "elliptic": "^6.4.0",
        "nan": "^2.13.2"
      }
    },
    "typeforce": {
      "version": "1.18.0",
      "resolved": "https://registry.npmjs.org/typeforce/-/typeforce-1.18.0.tgz",
      "integrity": "sha1-10FqLFhF4IUDTXD8xbbMSpDtv9w="
    },
    "varuint-bitcoin": {
      "version": "1.1.2",
      "resolved": "https://registry.npmjs.org/varuint-bitcoin/-/varuint-bitcoin-1.1.2.tgz",
      "integrity": "sha1-52wTgknQYTi0gNTFtA71NpPiTpI=",
      "requires": {
        "safe-buffer": "^5.1.1"
      }
    },
    "wif": {
      "version": "2.0.6",
      "resolved": "https://registry.npmjs.org/wif/-/wif-2.0.6.tgz",
      "integrity": "sha1-CNP1IFbGZnkplyb63g1DKudLRwQ=",
      "requires": {
        "bs58check": "<3.0.0"
      }
    }
  }
}
